{
  "name": "eatsmart",
  "lockfileVersion": 3,
  "requires": true,
  "packages": {
    "": {
      "devDependencies": {
        "@types/matter-js": "^0.20.2"
      }
    },
    "node_modules/@types/matter-js": {
      "version": "0.20.2",
      "resolved": "https://registry.npmjs.org/@types/matter-js/-/matter-js-0.20.2.tgz",
      "integrity": "sha512-3PPKy3QxvZ89h9+wdBV2488I1JLVs7DEpIkPvgO8JC1mUdiVSO37ZIvVctOTD7hIq8OAL2gJ3ugGSuUip6DhCw==",
      "dev": true,
      "license": "MIT"
    }
  }
}
